
Microsoft Visual Studio Solution File, Format Version 12.00
# Visual Studio Version 17
VisualStudioVersion = 17.10.35027.167
MinimumVisualStudioVersion = 10.0.40219.1
Project("{FAE04EC0-301F-11D3-BF4B-00C04F79EFBC}") = "DiceRollerApp", "DiceRollerApp\DiceRollerApp.csproj", "{0B70CA8A-F184-4731-AF57-28C4910E98E1}"
EndProject
Global
	GlobalSection(SolutionConfigurationPlatforms) = preSolution
		Debug|Any CPU = Debug|Any CPU
		Release|Any CPU = Release|Any CPU
	EndGlobalSection
	GlobalSection(ProjectConfigurationPlatforms) = postSolution
		{0B70CA8A-F184-4731-AF57-28C4910E98E1}.Debug|Any CPU.ActiveCfg = Debug|Any CPU
		{0B70CA8A-F184-4731-AF57-28C4910E98E1}.Debug|Any CPU.Build.0 = Debug|Any CPU
		{0B70CA8A-F184-4731-AF57-28C4910E98E1}.Release|Any CPU.ActiveCfg = Release|Any CPU
		{0B70CA8A-F184-4731-AF57-28C4910E98E1}.Release|Any CPU.Build.0 = Release|Any CPU
	EndGlobalSection
	GlobalSection(SolutionProperties) = preSolution
		HideSolutionNode = FALSE
	EndGlobalSection
	GlobalSection(ExtensibilityGlobals) = postSolution
		SolutionGuid = {6B4A1D8A-B423-4855-820A-C6E873255AA9}
	EndGlobalSection
EndGlobal
